
Microsoft Visual Studio Solution File, Format Version 12.00
# Visual Studio Version 17
VisualStudioVersion = 17.13.35931.197 d17.13
MinimumVisualStudioVersion = 10.0.40219.1
Project("{FAE04EC0-301F-11D3-BF4B-00C04F79EFBC}") = "Portfolio-Webform", "Portfolio-Webform\Portfolio-Webform.csproj", "{33409374-D191-409F-A7B4-3794CCBF4742}"
EndProject
Global
	GlobalSection(SolutionConfigurationPlatforms) = preSolution
		Debug|Any CPU = Debug|Any CPU
		Release|Any CPU = Release|Any CPU
	EndGlobalSection
	GlobalSection(ProjectConfigurationPlatforms) = postSolution
		{33409374-D191-409F-A7B4-3794CCBF4742}.Debug|Any CPU.ActiveCfg = Debug|Any CPU
		{33409374-D191-409F-A7B4-3794CCBF4742}.Debug|Any CPU.Build.0 = Debug|Any CPU
		{33409374-D191-409F-A7B4-3794CCBF4742}.Release|Any CPU.ActiveCfg = Release|Any CPU
		{33409374-D191-409F-A7B4-3794CCBF4742}.Release|Any CPU.Build.0 = Release|Any CPU
	EndGlobalSection
	GlobalSection(SolutionProperties) = preSolution
		HideSolutionNode = FALSE
	EndGlobalSection
	GlobalSection(ExtensibilityGlobals) = postSolution
		SolutionGuid = {4081BDD3-029F-4E40-941D-DF20472BBB1F}
	EndGlobalSection
EndGlobal
